
Microsoft Visual Studio Solution File, Format Version 12.00
# Visual Studio Version 17
VisualStudioVersion = 17.4.33122.133
MinimumVisualStudioVersion = 10.0.40219.1
Project("{FAE04EC0-301F-11D3-BF4B-00C04F79EFBC}") = "NumberToWordConverter", "NumberToWordConverter\NumberToWordConverter.csproj", "{8EC3F6C7-AB53-4F06-A203-B1ABF0C02F89}"
EndProject
Global
	GlobalSection(SolutionConfigurationPlatforms) = preSolution
		Debug|Any CPU = Debug|Any CPU
		Release|Any CPU = Release|Any CPU
	EndGlobalSection
	GlobalSection(ProjectConfigurationPlatforms) = postSolution
		{8EC3F6C7-AB53-4F06-A203-B1ABF0C02F89}.Debug|Any CPU.ActiveCfg = Debug|Any CPU
		{8EC3F6C7-AB53-4F06-A203-B1ABF0C02F89}.Debug|Any CPU.Build.0 = Debug|Any CPU
		{8EC3F6C7-AB53-4F06-A203-B1ABF0C02F89}.Release|Any CPU.ActiveCfg = Release|Any CPU
		{8EC3F6C7-AB53-4F06-A203-B1ABF0C02F89}.Release|Any CPU.Build.0 = Release|Any CPU
	EndGlobalSection
	GlobalSection(SolutionProperties) = preSolution
		HideSolutionNode = FALSE
	EndGlobalSection
	GlobalSection(ExtensibilityGlobals) = postSolution
		SolutionGuid = {DDEC4CFB-34DA-4FC9-BE48-D8923109A86D}
	EndGlobalSection
EndGlobal
